# This file is automatically @generated by Jolt.
# It is not intended for manual editing.

version = 1

[[package]]
name = "com.fasterxml.jackson.core:jackson-databind"
version = "2.15.2"
checksum = "sha256:0eb2fdad6e40ab8832a78c9b22f58196dd970594e8d3d5a26ead87847c4f3a96"
dependencies = []

[[package]]
name = "com.google.code.gson:gson"
version = "2.10.1"
checksum = "sha256:4241c14a7727c34feea6507ec801318a3d4a90f070e4525681079fb94ee4c593"
dependencies = []

[[package]]
name = "org.slf4j:slf4j-api"
version = "2.0.7"
checksum = "sha256:5d6298b93a1905c32cda6478808ac14c2d4a47e91535e53c41f7feeb85d946f4"
dependencies = []
